
Microsoft Visual Studio Solution File, Format Version 12.00
# Visual Studio 15
VisualStudioVersion = 15.0.27428.2015
MinimumVisualStudioVersion = 10.0.40219.1
Project("{FAE04EC0-301F-11D3-BF4B-00C04F79EFBC}") = "getMiddleChar", "getMiddleChar\getMiddleChar.csproj", "{BED7AFA4-EA2D-4DAC-A410-775F7DB9D8AA}"
EndProject
Project("{FAE04EC0-301F-11D3-BF4B-00C04F79EFBC}") = "getMiddleCharTests", "getMiddleCharTests\getMiddleCharTests.csproj", "{F305504F-E0E9-43E9-89B2-0D3B303A4627}"
EndProject
Global
	GlobalSection(SolutionConfigurationPlatforms) = preSolution
		Debug|Any CPU = Debug|Any CPU
		Release|Any CPU = Release|Any CPU
	EndGlobalSection
	GlobalSection(ProjectConfigurationPlatforms) = postSolution
		{BED7AFA4-EA2D-4DAC-A410-775F7DB9D8AA}.Debug|Any CPU.ActiveCfg = Debug|Any CPU
		{BED7AFA4-EA2D-4DAC-A410-775F7DB9D8AA}.Debug|Any CPU.Build.0 = Debug|Any CPU
		{BED7AFA4-EA2D-4DAC-A410-775F7DB9D8AA}.Release|Any CPU.ActiveCfg = Release|Any CPU
		{BED7AFA4-EA2D-4DAC-A410-775F7DB9D8AA}.Release|Any CPU.Build.0 = Release|Any CPU
		{F305504F-E0E9-43E9-89B2-0D3B303A4627}.Debug|Any CPU.ActiveCfg = Debug|Any CPU
		{F305504F-E0E9-43E9-89B2-0D3B303A4627}.Debug|Any CPU.Build.0 = Debug|Any CPU
		{F305504F-E0E9-43E9-89B2-0D3B303A4627}.Release|Any CPU.ActiveCfg = Release|Any CPU
		{F305504F-E0E9-43E9-89B2-0D3B303A4627}.Release|Any CPU.Build.0 = Release|Any CPU
	EndGlobalSection
	GlobalSection(SolutionProperties) = preSolution
		HideSolutionNode = FALSE
	EndGlobalSection
	GlobalSection(ExtensibilityGlobals) = postSolution
		SolutionGuid = {635C7A06-518E-41C6-902D-851C2A72A084}
	EndGlobalSection
EndGlobal
