
Microsoft Visual Studio Solution File, Format Version 12.00
# Visual Studio 2012
Project("{FAE04EC0-301F-11D3-BF4B-00C04F79EFBC}") = "Darts", "Darts\Darts.csproj", "{155C0F82-1C23-4F6C-839C-2F69A1B37CCE}"
EndProject
Project("{FAE04EC0-301F-11D3-BF4B-00C04F79EFBC}") = "DartsTest", "DartsTest\DartsTest.csproj", "{A9A592E7-A934-4F00-8995-90D4757525BB}"
EndProject
Global
	GlobalSection(SolutionConfigurationPlatforms) = preSolution
		Debug|Any CPU = Debug|Any CPU
		Release|Any CPU = Release|Any CPU
	EndGlobalSection
	GlobalSection(ProjectConfigurationPlatforms) = postSolution
		{155C0F82-1C23-4F6C-839C-2F69A1B37CCE}.Debug|Any CPU.ActiveCfg = Debug|Any CPU
		{155C0F82-1C23-4F6C-839C-2F69A1B37CCE}.Debug|Any CPU.Build.0 = Debug|Any CPU
		{155C0F82-1C23-4F6C-839C-2F69A1B37CCE}.Release|Any CPU.ActiveCfg = Release|Any CPU
		{155C0F82-1C23-4F6C-839C-2F69A1B37CCE}.Release|Any CPU.Build.0 = Release|Any CPU
		{A9A592E7-A934-4F00-8995-90D4757525BB}.Debug|Any CPU.ActiveCfg = Debug|Any CPU
		{A9A592E7-A934-4F00-8995-90D4757525BB}.Debug|Any CPU.Build.0 = Debug|Any CPU
		{A9A592E7-A934-4F00-8995-90D4757525BB}.Release|Any CPU.ActiveCfg = Release|Any CPU
		{A9A592E7-A934-4F00-8995-90D4757525BB}.Release|Any CPU.Build.0 = Release|Any CPU
	EndGlobalSection
EndGlobal
