
Microsoft Visual Studio Solution File, Format Version 12.00
# Visual Studio 2012
Project("{FAE04EC0-301F-11D3-BF4B-00C04F79EFBC}") = "PlayTwoString", "PlayTwoString\PlayTwoString.csproj", "{66F775FE-407E-4DD6-826D-16B13EEE518B}"
EndProject
Project("{FAE04EC0-301F-11D3-BF4B-00C04F79EFBC}") = "PlayTwoStringTest", "PlayTwoStringTest\PlayTwoStringTest.csproj", "{4419D2FB-8731-4AAE-8D2F-A0345D0FA8F0}"
EndProject
Global
	GlobalSection(SolutionConfigurationPlatforms) = preSolution
		Debug|Any CPU = Debug|Any CPU
		Release|Any CPU = Release|Any CPU
	EndGlobalSection
	GlobalSection(ProjectConfigurationPlatforms) = postSolution
		{66F775FE-407E-4DD6-826D-16B13EEE518B}.Debug|Any CPU.ActiveCfg = Debug|Any CPU
		{66F775FE-407E-4DD6-826D-16B13EEE518B}.Debug|Any CPU.Build.0 = Debug|Any CPU
		{66F775FE-407E-4DD6-826D-16B13EEE518B}.Release|Any CPU.ActiveCfg = Release|Any CPU
		{66F775FE-407E-4DD6-826D-16B13EEE518B}.Release|Any CPU.Build.0 = Release|Any CPU
		{4419D2FB-8731-4AAE-8D2F-A0345D0FA8F0}.Debug|Any CPU.ActiveCfg = Debug|Any CPU
		{4419D2FB-8731-4AAE-8D2F-A0345D0FA8F0}.Debug|Any CPU.Build.0 = Debug|Any CPU
		{4419D2FB-8731-4AAE-8D2F-A0345D0FA8F0}.Release|Any CPU.ActiveCfg = Release|Any CPU
		{4419D2FB-8731-4AAE-8D2F-A0345D0FA8F0}.Release|Any CPU.Build.0 = Release|Any CPU
	EndGlobalSection
EndGlobal
