
Microsoft Visual Studio Solution File, Format Version 12.00
# Visual Studio 2012
Project("{FAE04EC0-301F-11D3-BF4B-00C04F79EFBC}") = "RunnerMeetings", "RunnerMeetings\RunnerMeetings.csproj", "{6CAAE1C4-4BBE-4DC1-BECF-2E5781C2C74A}"
EndProject
Project("{FAE04EC0-301F-11D3-BF4B-00C04F79EFBC}") = "RunnerMeetingsTest", "RunnerMeetingsTest\RunnerMeetingsTest.csproj", "{EF0C2271-2B76-4F37-A1A1-F6B45A6F753D}"
EndProject
Global
	GlobalSection(SolutionConfigurationPlatforms) = preSolution
		Debug|Any CPU = Debug|Any CPU
		Release|Any CPU = Release|Any CPU
	EndGlobalSection
	GlobalSection(ProjectConfigurationPlatforms) = postSolution
		{6CAAE1C4-4BBE-4DC1-BECF-2E5781C2C74A}.Debug|Any CPU.ActiveCfg = Debug|Any CPU
		{6CAAE1C4-4BBE-4DC1-BECF-2E5781C2C74A}.Debug|Any CPU.Build.0 = Debug|Any CPU
		{6CAAE1C4-4BBE-4DC1-BECF-2E5781C2C74A}.Release|Any CPU.ActiveCfg = Release|Any CPU
		{6CAAE1C4-4BBE-4DC1-BECF-2E5781C2C74A}.Release|Any CPU.Build.0 = Release|Any CPU
		{EF0C2271-2B76-4F37-A1A1-F6B45A6F753D}.Debug|Any CPU.ActiveCfg = Debug|Any CPU
		{EF0C2271-2B76-4F37-A1A1-F6B45A6F753D}.Debug|Any CPU.Build.0 = Debug|Any CPU
		{EF0C2271-2B76-4F37-A1A1-F6B45A6F753D}.Release|Any CPU.ActiveCfg = Release|Any CPU
		{EF0C2271-2B76-4F37-A1A1-F6B45A6F753D}.Release|Any CPU.Build.0 = Release|Any CPU
	EndGlobalSection
EndGlobal
