
Microsoft Visual Studio Solution File, Format Version 12.00
# Visual Studio 15
VisualStudioVersion = 15.0.27428.2015
MinimumVisualStudioVersion = 10.0.40219.1
Project("{FAE04EC0-301F-11D3-BF4B-00C04F79EFBC}") = "CarEscape", "CarEscape\CarEscape.csproj", "{EDF15BB2-7B2A-40A6-B11A-54F034D031B0}"
EndProject
Project("{FAE04EC0-301F-11D3-BF4B-00C04F79EFBC}") = "CarEscapeCarEscapeTests", "CarEscapeCarEscapeTests\CarEscapeCarEscapeTests.csproj", "{ACBB6FBB-2638-4203-97A9-C2539683A1ED}"
EndProject
Global
	GlobalSection(SolutionConfigurationPlatforms) = preSolution
		Debug|Any CPU = Debug|Any CPU
		Release|Any CPU = Release|Any CPU
	EndGlobalSection
	GlobalSection(ProjectConfigurationPlatforms) = postSolution
		{EDF15BB2-7B2A-40A6-B11A-54F034D031B0}.Debug|Any CPU.ActiveCfg = Debug|Any CPU
		{EDF15BB2-7B2A-40A6-B11A-54F034D031B0}.Debug|Any CPU.Build.0 = Debug|Any CPU
		{EDF15BB2-7B2A-40A6-B11A-54F034D031B0}.Release|Any CPU.ActiveCfg = Release|Any CPU
		{EDF15BB2-7B2A-40A6-B11A-54F034D031B0}.Release|Any CPU.Build.0 = Release|Any CPU
		{ACBB6FBB-2638-4203-97A9-C2539683A1ED}.Debug|Any CPU.ActiveCfg = Debug|Any CPU
		{ACBB6FBB-2638-4203-97A9-C2539683A1ED}.Debug|Any CPU.Build.0 = Debug|Any CPU
		{ACBB6FBB-2638-4203-97A9-C2539683A1ED}.Release|Any CPU.ActiveCfg = Release|Any CPU
		{ACBB6FBB-2638-4203-97A9-C2539683A1ED}.Release|Any CPU.Build.0 = Release|Any CPU
	EndGlobalSection
	GlobalSection(SolutionProperties) = preSolution
		HideSolutionNode = FALSE
	EndGlobalSection
	GlobalSection(ExtensibilityGlobals) = postSolution
		SolutionGuid = {1BE49686-30CC-439D-9062-1FFBCE0F221A}
	EndGlobalSection
EndGlobal
