
Microsoft Visual Studio Solution File, Format Version 12.00
# Visual Studio 15
VisualStudioVersion = 15.0.27428.2015
MinimumVisualStudioVersion = 10.0.40219.1
Project("{FAE04EC0-301F-11D3-BF4B-00C04F79EFBC}") = "IsAnagram", "IsAnagram\IsAnagram.csproj", "{F949106C-4611-4D03-8FEE-01135E6EC5FD}"
EndProject
Project("{FAE04EC0-301F-11D3-BF4B-00C04F79EFBC}") = "IsAnagramAnagramTests", "IsAnagramAnagramTests\IsAnagramAnagramTests.csproj", "{553BF627-55B0-4979-A207-FBA9FF5B2B47}"
EndProject
Global
	GlobalSection(SolutionConfigurationPlatforms) = preSolution
		Debug|Any CPU = Debug|Any CPU
		Release|Any CPU = Release|Any CPU
	EndGlobalSection
	GlobalSection(ProjectConfigurationPlatforms) = postSolution
		{F949106C-4611-4D03-8FEE-01135E6EC5FD}.Debug|Any CPU.ActiveCfg = Debug|Any CPU
		{F949106C-4611-4D03-8FEE-01135E6EC5FD}.Debug|Any CPU.Build.0 = Debug|Any CPU
		{F949106C-4611-4D03-8FEE-01135E6EC5FD}.Release|Any CPU.ActiveCfg = Release|Any CPU
		{F949106C-4611-4D03-8FEE-01135E6EC5FD}.Release|Any CPU.Build.0 = Release|Any CPU
		{553BF627-55B0-4979-A207-FBA9FF5B2B47}.Debug|Any CPU.ActiveCfg = Debug|Any CPU
		{553BF627-55B0-4979-A207-FBA9FF5B2B47}.Debug|Any CPU.Build.0 = Debug|Any CPU
		{553BF627-55B0-4979-A207-FBA9FF5B2B47}.Release|Any CPU.ActiveCfg = Release|Any CPU
		{553BF627-55B0-4979-A207-FBA9FF5B2B47}.Release|Any CPU.Build.0 = Release|Any CPU
	EndGlobalSection
	GlobalSection(SolutionProperties) = preSolution
		HideSolutionNode = FALSE
	EndGlobalSection
	GlobalSection(ExtensibilityGlobals) = postSolution
		SolutionGuid = {FE986FEE-C70B-414E-8E78-3C4B1E3068B8}
	EndGlobalSection
EndGlobal
