
Microsoft Visual Studio Solution File, Format Version 12.00
# Visual Studio 15
VisualStudioVersion = 15.0.27428.2015
MinimumVisualStudioVersion = 10.0.40219.1
Project("{FAE04EC0-301F-11D3-BF4B-00C04F79EFBC}") = "HighestRankNumber", "HighestRankNumber\HighestRankNumber.csproj", "{EFCE2603-FE41-4E68-B0B5-25E7C57F1314}"
EndProject
Project("{FAE04EC0-301F-11D3-BF4B-00C04F79EFBC}") = "HighestRankNumberTests", "HighestRankNumberTests\HighestRankNumberTests.csproj", "{60C58288-3084-41D1-B46D-9406490F3279}"
EndProject
Global
	GlobalSection(SolutionConfigurationPlatforms) = preSolution
		Debug|Any CPU = Debug|Any CPU
		Release|Any CPU = Release|Any CPU
	EndGlobalSection
	GlobalSection(ProjectConfigurationPlatforms) = postSolution
		{EFCE2603-FE41-4E68-B0B5-25E7C57F1314}.Debug|Any CPU.ActiveCfg = Debug|Any CPU
		{EFCE2603-FE41-4E68-B0B5-25E7C57F1314}.Debug|Any CPU.Build.0 = Debug|Any CPU
		{EFCE2603-FE41-4E68-B0B5-25E7C57F1314}.Release|Any CPU.ActiveCfg = Release|Any CPU
		{EFCE2603-FE41-4E68-B0B5-25E7C57F1314}.Release|Any CPU.Build.0 = Release|Any CPU
		{60C58288-3084-41D1-B46D-9406490F3279}.Debug|Any CPU.ActiveCfg = Debug|Any CPU
		{60C58288-3084-41D1-B46D-9406490F3279}.Debug|Any CPU.Build.0 = Debug|Any CPU
		{60C58288-3084-41D1-B46D-9406490F3279}.Release|Any CPU.ActiveCfg = Release|Any CPU
		{60C58288-3084-41D1-B46D-9406490F3279}.Release|Any CPU.Build.0 = Release|Any CPU
	EndGlobalSection
	GlobalSection(SolutionProperties) = preSolution
		HideSolutionNode = FALSE
	EndGlobalSection
	GlobalSection(ExtensibilityGlobals) = postSolution
		SolutionGuid = {F3723556-C056-4428-A586-A002FB09E708}
	EndGlobalSection
EndGlobal
