
Microsoft Visual Studio Solution File, Format Version 12.00
# Visual Studio 15
VisualStudioVersion = 15.0.27428.2015
MinimumVisualStudioVersion = 10.0.40219.1
Project("{FAE04EC0-301F-11D3-BF4B-00C04F79EFBC}") = "FindMissingInArithmeticProgression", "FindMissingInArithmeticProgression\FindMissingInArithmeticProgression.csproj", "{3E136F3B-CBCE-4C93-BABC-DEBB3799F2BC}"
EndProject
Project("{FAE04EC0-301F-11D3-BF4B-00C04F79EFBC}") = "FindMissingInArithmeticProgressionTests", "FindMissingInArithmeticProgressionTests\FindMissingInArithmeticProgressionTests.csproj", "{616124DE-9B15-453B-828E-5567A22F3808}"
EndProject
Global
	GlobalSection(SolutionConfigurationPlatforms) = preSolution
		Debug|Any CPU = Debug|Any CPU
		Release|Any CPU = Release|Any CPU
	EndGlobalSection
	GlobalSection(ProjectConfigurationPlatforms) = postSolution
		{3E136F3B-CBCE-4C93-BABC-DEBB3799F2BC}.Debug|Any CPU.ActiveCfg = Debug|Any CPU
		{3E136F3B-CBCE-4C93-BABC-DEBB3799F2BC}.Debug|Any CPU.Build.0 = Debug|Any CPU
		{3E136F3B-CBCE-4C93-BABC-DEBB3799F2BC}.Release|Any CPU.ActiveCfg = Release|Any CPU
		{3E136F3B-CBCE-4C93-BABC-DEBB3799F2BC}.Release|Any CPU.Build.0 = Release|Any CPU
		{616124DE-9B15-453B-828E-5567A22F3808}.Debug|Any CPU.ActiveCfg = Debug|Any CPU
		{616124DE-9B15-453B-828E-5567A22F3808}.Debug|Any CPU.Build.0 = Debug|Any CPU
		{616124DE-9B15-453B-828E-5567A22F3808}.Release|Any CPU.ActiveCfg = Release|Any CPU
		{616124DE-9B15-453B-828E-5567A22F3808}.Release|Any CPU.Build.0 = Release|Any CPU
	EndGlobalSection
	GlobalSection(SolutionProperties) = preSolution
		HideSolutionNode = FALSE
	EndGlobalSection
	GlobalSection(ExtensibilityGlobals) = postSolution
		SolutionGuid = {5106B9C2-983A-4608-B982-E3055A115AF8}
	EndGlobalSection
EndGlobal
